lockfileVersion: '9.0'

settings:
  autoInstallPeers: true
  excludeLinksFromLockfile: false

importers:

  .:
    dependencies:
      react-hook-form:
        specifier: ^7.64.0
        version: 7.64.0(react@19.1.1)

packages:

  react-hook-form@7.64.0:
    resolution: {integrity: sha512-fnN+vvTiMLnRqKNTVhDysdrUay0kUUAymQnFIznmgDvapjveUWOOPqMNzPg+A+0yf9DuE2h6xzBjN1s+Qx8wcg==}
    engines: {node: '>=18.0.0'}
    peerDependencies:
      react: ^16.8.0 || ^17 || ^18 || ^19

  react@19.1.1:
    resolution: {integrity: sha512-w8nqGImo45dmMIfljjMwOGtbmC/mk4CMYhWIicdSflH91J9TyCyczcPFXJzrZ/ZXcgGRFeP6BU0BEJTw6tZdfQ==}
    engines: {node: '>=0.10.0'}

snapshots:

  react-hook-form@7.64.0(react@19.1.1):
    dependencies:
      react: 19.1.1

  react@19.1.1: {}
